
Microsoft Visual Studio Solution File, Format Version 12.00
# Visual Studio 15
VisualStudioVersion = 15.0.28307.852
MinimumVisualStudioVersion = 10.0.40219.1
Project("{FAE04EC0-301F-11D3-BF4B-00C04F79EFBC}") = "DevSandbox", "DevSandbox\DevSandbox.csproj", "{040D5E5F-37B1-448F-81FF-76E3AC5AD0E3}"
EndProject
Project("{9A19103F-16F7-4668-BE54-9A1E7A4F7556}") = "DevSandbox.Tests", "DevSandbox.Tests\DevSandbox.Tests.csproj", "{084B30D8-E169-4555-B3B4-F2C04DE04474}"
EndProject
Project("{2150E333-8FDC-42A3-9474-1A3956D46DE8}") = "Libraries", "Libraries", "{98B8DDCE-B2FB-4D69-BEA5-B5614601046F}"
	ProjectSection(SolutionItems) = preProject
		..\..\..\..\..\_TFS_VSS\Source\Aardvark\Plugin_US\v4.1\_Build\Microsoft.SharePoint.Client.dll = ..\..\..\..\..\_TFS_VSS\Source\Aardvark\Plugin_US\v4.1\_Build\Microsoft.SharePoint.Client.dll
		..\..\..\..\..\_TFS_VSS\Source\Aardvark\Plugin_US\v4.1\_Build\Microsoft.SharePoint.Client.Runtime.dll = ..\..\..\..\..\_TFS_VSS\Source\Aardvark\Plugin_US\v4.1\_Build\Microsoft.SharePoint.Client.Runtime.dll
	EndProjectSection
EndProject
Project("{FAE04EC0-301F-11D3-BF4B-00C04F79EFBC}") = "DevSandbox.Sharepoint.Tests", "DevSandbox.Sharepoint.Tests\DevSandbox.Sharepoint.Tests.csproj", "{2D9906D0-5E93-4857-90C2-F856E16519FC}"
EndProject
Global
	GlobalSection(SolutionConfigurationPlatforms) = preSolution
		Debug|Any CPU = Debug|Any CPU
		Release|Any CPU = Release|Any CPU
	EndGlobalSection
	GlobalSection(ProjectConfigurationPlatforms) = postSolution
		{040D5E5F-37B1-448F-81FF-76E3AC5AD0E3}.Debug|Any CPU.ActiveCfg = Debug|Any CPU
		{040D5E5F-37B1-448F-81FF-76E3AC5AD0E3}.Debug|Any CPU.Build.0 = Debug|Any CPU
		{040D5E5F-37B1-448F-81FF-76E3AC5AD0E3}.Release|Any CPU.ActiveCfg = Release|Any CPU
		{040D5E5F-37B1-448F-81FF-76E3AC5AD0E3}.Release|Any CPU.Build.0 = Release|Any CPU
		{084B30D8-E169-4555-B3B4-F2C04DE04474}.Debug|Any CPU.ActiveCfg = Debug|Any CPU
		{084B30D8-E169-4555-B3B4-F2C04DE04474}.Debug|Any CPU.Build.0 = Debug|Any CPU
		{084B30D8-E169-4555-B3B4-F2C04DE04474}.Release|Any CPU.ActiveCfg = Release|Any CPU
		{084B30D8-E169-4555-B3B4-F2C04DE04474}.Release|Any CPU.Build.0 = Release|Any CPU
		{2D9906D0-5E93-4857-90C2-F856E16519FC}.Debug|Any CPU.ActiveCfg = Debug|Any CPU
		{2D9906D0-5E93-4857-90C2-F856E16519FC}.Debug|Any CPU.Build.0 = Debug|Any CPU
		{2D9906D0-5E93-4857-90C2-F856E16519FC}.Release|Any CPU.ActiveCfg = Release|Any CPU
		{2D9906D0-5E93-4857-90C2-F856E16519FC}.Release|Any CPU.Build.0 = Release|Any CPU
	EndGlobalSection
	GlobalSection(SolutionProperties) = preSolution
		HideSolutionNode = FALSE
	EndGlobalSection
	GlobalSection(ExtensibilityGlobals) = postSolution
		SolutionGuid = {44A25A4B-E122-4A54-83E3-B0E0C242C188}
	EndGlobalSection
EndGlobal
